
Microsoft Visual Studio Solution File, Format Version 12.00
# Visual Studio Version 16
VisualStudioVersion = 16.0.29911.84
MinimumVisualStudioVersion = 10.0.40219.1
Project("{FAE04EC0-301F-11D3-BF4B-00C04F79EFBC}") = "ConsoleApp3", "ConsoleApp3\ConsoleApp3.csproj", "{98D34FFD-49CC-45CA-86B0-D7765D0CFE2E}"
EndProject
Global
	GlobalSection(SolutionConfigurationPlatforms) = preSolution
		Debug|Any CPU = Debug|Any CPU
		Release|Any CPU = Release|Any CPU
	EndGlobalSection
	GlobalSection(ProjectConfigurationPlatforms) = postSolution
		{98D34FFD-49CC-45CA-86B0-D7765D0CFE2E}.Debug|Any CPU.ActiveCfg = Debug|Any CPU
		{98D34FFD-49CC-45CA-86B0-D7765D0CFE2E}.Debug|Any CPU.Build.0 = Debug|Any CPU
		{98D34FFD-49CC-45CA-86B0-D7765D0CFE2E}.Release|Any CPU.ActiveCfg = Release|Any CPU
		{98D34FFD-49CC-45CA-86B0-D7765D0CFE2E}.Release|Any CPU.Build.0 = Release|Any CPU
	EndGlobalSection
	GlobalSection(SolutionProperties) = preSolution
		HideSolutionNode = FALSE
	EndGlobalSection
	GlobalSection(ExtensibilityGlobals) = postSolution
		SolutionGuid = {66791787-8AD1-43C6-99A1-16427E5F32D2}
	EndGlobalSection
EndGlobal
